PODS:
  - composeApp (1.0.0):
    - TrustWalletCore
  - TrustWalletCore (4.3.9):
    - TrustWalletCore/Core (= 4.3.9)
  - TrustWalletCore/Core (4.3.9):
    - TrustWalletCore/Types
  - TrustWalletCore/Types (4.3.9):
    - WalletCoreSwiftProtobuf
  - WalletCoreSwiftProtobuf (1.29.0)

DEPENDENCIES:
  - composeApp (from `../composeApp`)

SPEC REPOS:
  trunk:
    - TrustWalletCore
    - WalletCoreSwiftProtobuf

EXTERNAL SOURCES:
  composeApp:
    :path: "../composeApp"

SPEC CHECKSUMS:
  composeApp: 910addabfcdbe7acacc68012e2241bfbfff502ba
  TrustWalletCore: f3423fa79df3c4904fbda4be83a0c9c183bb4d5f
  WalletCoreSwiftProtobuf: a4798576a2d309511fc45f81843d348732ec571d

PODFILE CHECKSUM: b1e038e2fb1987e034fc956876a858d0f7b58327

COCOAPODS: 1.16.2
